
Microsoft Visual Studio Solution File, Format Version 12.00
# Visual Studio Version 17
VisualStudioVersion = 17.9.34728.123
MinimumVisualStudioVersion = 10.0.40219.1
Project("{FAE04EC0-301F-11D3-BF4B-00C04F79EFBC}") = "WebAPI_Video", "WebAPI_Video\WebAPI_Video.csproj", "{EF163EDA-12F7-4864-B77D-F4165F845317}"
EndProject
Global
	GlobalSection(SolutionConfigurationPlatforms) = preSolution
		Debug|Any CPU = Debug|Any CPU
		Release|Any CPU = Release|Any CPU
	EndGlobalSection
	GlobalSection(ProjectConfigurationPlatforms) = postSolution
		{EF163EDA-12F7-4864-B77D-F4165F845317}.Debug|Any CPU.ActiveCfg = Debug|Any CPU
		{EF163EDA-12F7-4864-B77D-F4165F845317}.Debug|Any CPU.Build.0 = Debug|Any CPU
		{EF163EDA-12F7-4864-B77D-F4165F845317}.Release|Any CPU.ActiveCfg = Release|Any CPU
		{EF163EDA-12F7-4864-B77D-F4165F845317}.Release|Any CPU.Build.0 = Release|Any CPU
	EndGlobalSection
	GlobalSection(SolutionProperties) = preSolution
		HideSolutionNode = FALSE
	EndGlobalSection
	GlobalSection(ExtensibilityGlobals) = postSolution
		SolutionGuid = {68B8FA95-29E8-4D3E-891A-C7ABB6F1AE30}
	EndGlobalSection
EndGlobal
